// !$*UTF8*$!
{
	archiveVersion = 1;
	classes = {
	};
	objectVersion = 56;
	objects = {

/* Begin PBXBuildFile section */
		130CF3662B8DE3CD0051DEE8 /* main.swift in Sources */ = {isa = PBXBuildFile; fileRef = 130CF3652B8DE3CD0051DEE8 /* main.swift */; };
/* End PBXBuildFile section */

/* Begin PBXCopyFilesBuildPhase section */
		13E746892B4DE73F007D5C15 /* CopyFiles */ = {
			isa = PBXCopyFilesBuildPhase;
			buildActionMask = 2147483647;
			dstPath = /usr/share/man/man1/;
			dstSubfolderSpec = 0;
			files = (
			);
			runOnlyForDeploymentPostprocessing = 1;
		};
/* End PBXCopyFilesBuildPhase section */

/* Begin PBXFileReference section */
		130CF3632B8DDE280051DEE8 /* 16948.swift */ = {isa = PBXFileReference; lastKnownFileType = sourcecode.swift; path = 16948.swift; sourceTree = "<group>"; };
		130CF3652B8DE3CD0051DEE8 /* main.swift */ = {isa = PBXFileReference; lastKnownFileType = sourcecode.swift; path = main.swift; sourceTree = "<group>"; };
		131090BA2B500D4F00CF4A94 /* 10773.swift */ = {isa = PBXFileReference; lastKnownFileType = sourcecode.swift; path = 10773.swift; sourceTree = "<group>"; };
		131090BC2B50176F00CF4A94 /* 2493.swift */ = {isa = PBXFileReference; lastKnownFileType = sourcecode.swift; path = 2493.swift; sourceTree = "<group>"; };
		131090BE2B50973400CF4A94 /* 10845.swift */ = {isa = PBXFileReference; lastKnownFileType = sourcecode.swift; path = 10845.swift; sourceTree = "<group>"; };
		131090C02B51331B00CF4A94 /* 5430.swift */ = {isa = PBXFileReference; lastKnownFileType = sourcecode.swift; path = 5430.swift; sourceTree = "<group>"; };
		13332DAD2B6BFA3500B2D16A /* 3184.swift */ = {isa = PBXFileReference; lastKnownFileType = sourcecode.swift; path = 3184.swift; sourceTree = "<group>"; };
		13332DAF2B6C9D2000B2D16A /* CodingTest2-Bridging-Header.h */ = {isa = PBXFileReference; lastKnownFileType = sourcecode.c.h; path = "CodingTest2-Bridging-Header.h"; sourceTree = "<group>"; };
		13332DB02B6C9D2000B2D16A /* 1303.swift */ = {isa = PBXFileReference; lastKnownFileType = sourcecode.swift; path = 1303.swift; sourceTree = "<group>"; };
		13332DB42B6CB3A500B2D16A /* 24480.swift */ = {isa = PBXFileReference; lastKnownFileType = sourcecode.swift; path = 24480.swift; sourceTree = "<group>"; };
		13332DB62B6CE03B00B2D16A /* 13565.swift */ = {isa = PBXFileReference; lastKnownFileType = sourcecode.swift; path = 13565.swift; sourceTree = "<group>"; };
		13332DB82B6E451C00B2D16A /* 21736.swift */ = {isa = PBXFileReference; lastKnownFileType = sourcecode.swift; path = 21736.swift; sourceTree = "<group>"; };
		13332DBA2B6EE0F900B2D16A /* 2178.swift */ = {isa = PBXFileReference; lastKnownFileType = sourcecode.swift; path = 2178.swift; sourceTree = "<group>"; };
		13332DBD2B70DB2500B2D16A /* 1697.swift */ = {isa = PBXFileReference; lastKnownFileType = sourcecode.swift; path = 1697.swift; sourceTree = "<group>"; };
		13332DC12B73780C00B2D16A /* 16953.swift */ = {isa = PBXFileReference; lastKnownFileType = sourcecode.swift; path = 16953.swift; sourceTree = "<group>"; };
		13332DC32B73E0E600B2D16A /* 2573.swift */ = {isa = PBXFileReference; lastKnownFileType = sourcecode.swift; path = 2573.swift; sourceTree = "<group>"; };
		13332DC52B74B84F00B2D16A /* 1068.swift */ = {isa = PBXFileReference; lastKnownFileType = sourcecode.swift; path = 1068.swift; sourceTree = "<group>"; };
		13332DC72B7557F500B2D16A /* 24481.swift */ = {isa = PBXFileReference; lastKnownFileType = sourcecode.swift; path = 24481.swift; sourceTree = "<group>"; };
		13332DC92B75628200B2D16A /* 3187.swift */ = {isa = PBXFileReference; lastKnownFileType = sourcecode.swift; path = 3187.swift; sourceTree = "<group>"; };
		13332DCB2B762AD300B2D16A /* 15240.swift */ = {isa = PBXFileReference; lastKnownFileType = sourcecode.swift; path = 15240.swift; sourceTree = "<group>"; };
		13332DCD2B7696A000B2D16A /* 1707.swift */ = {isa = PBXFileReference; lastKnownFileType = sourcecode.swift; path = 1707.swift; sourceTree = "<group>"; };
		13332DCF2B776F8000B2D16A /* 24482.swift */ = {isa = PBXFileReference; lastKnownFileType = sourcecode.swift; path = 24482.swift; sourceTree = "<group>"; };
		13332DD12B77759100B2D16A /* 24483.swift */ = {isa = PBXFileReference; lastKnownFileType = sourcecode.swift; path = 24483.swift; sourceTree = "<group>"; };
		13332DD32B77BBE500B2D16A /* 24484.swift */ = {isa = PBXFileReference; lastKnownFileType = sourcecode.swift; path = 24484.swift; sourceTree = "<group>"; };
		13332DD52B77C7CA00B2D16A /* 24444.swift */ = {isa = PBXFileReference; lastKnownFileType = sourcecode.swift; path = 24444.swift; sourceTree = "<group>"; };
		13332DD72B77CEBA00B2D16A /* 24445.swift */ = {isa = PBXFileReference; lastKnownFileType = sourcecode.swift; path = 24445.swift; sourceTree = "<group>"; };
		13332DD92B77F64B00B2D16A /* 24446.swift */ = {isa = PBXFileReference; lastKnownFileType = sourcecode.swift; path = 24446.swift; sourceTree = "<group>"; };
		13332DDB2B78A10B00B2D16A /* 24447.swift */ = {isa = PBXFileReference; lastKnownFileType = sourcecode.swift; path = 24447.swift; sourceTree = "<group>"; };
		13332DDD2B78C43E00B2D16A /* 7562.swift */ = {isa = PBXFileReference; lastKnownFileType = sourcecode.swift; path = 7562.swift; sourceTree = "<group>"; };
		13332DDF2B78CBF500B2D16A /* 14940.swift */ = {isa = PBXFileReference; lastKnownFileType = sourcecode.swift; path = 14940.swift; sourceTree = "<group>"; };
		13332DE22B78FA2700B2D16A /* 14935.swift */ = {isa = PBXFileReference; lastKnownFileType = sourcecode.swift; path = 14935.swift; sourceTree = "<group>"; };
		13332DE42B79059700B2D16A /* 10101.swift */ = {isa = PBXFileReference; lastKnownFileType = sourcecode.swift; path = 10101.swift; sourceTree = "<group>"; };
		13332DE62B7940C700B2D16A /* 11279.swift */ = {isa = PBXFileReference; lastKnownFileType = sourcecode.swift; path = 11279.swift; sourceTree = "<group>"; };
		133FD08F2B5C1A0100F21A39 /* 6603.swift */ = {isa = PBXFileReference; lastKnownFileType = sourcecode.swift; path = 6603.swift; sourceTree = "<group>"; };
		134931F72B624CB10003A2BB /* 13335.swift */ = {isa = PBXFileReference; lastKnownFileType = sourcecode.swift; path = 13335.swift; sourceTree = "<group>"; };
		134931F92B63D2A60003A2BB /* 2606.swift */ = {isa = PBXFileReference; lastKnownFileType = sourcecode.swift; path = 2606.swift; sourceTree = "<group>"; };
		134931FB2B63F2090003A2BB /* 1914.swift */ = {isa = PBXFileReference; lastKnownFileType = sourcecode.swift; path = 1914.swift; sourceTree = "<group>"; };
		134931FD2B640BF80003A2BB /* 14888.swift */ = {isa = PBXFileReference; lastKnownFileType = sourcecode.swift; path = 14888.swift; sourceTree = "<group>"; };
		134931FF2B6422AC0003A2BB /* 1012_1.swift */ = {isa = PBXFileReference; lastKnownFileType = sourcecode.swift; path = 1012_1.swift; sourceTree = "<group>"; };
		134932012B643BD90003A2BB /* 1012_2.swift */ = {isa = PBXFileReference; lastKnownFileType = sourcecode.swift; path = 1012_2.swift; sourceTree = "<group>"; };
		134932032B6459A00003A2BB /* 4963.swift */ = {isa = PBXFileReference; lastKnownFileType = sourcecode.swift; path = 4963.swift; sourceTree = "<group>"; };
		134932052B6465590003A2BB /* 14716.swift */ = {isa = PBXFileReference; lastKnownFileType = sourcecode.swift; path = 14716.swift; sourceTree = "<group>"; };
		134932072B64685F0003A2BB /* 11724.swift */ = {isa = PBXFileReference; lastKnownFileType = sourcecode.swift; path = 11724.swift; sourceTree = "<group>"; };
		134932092B647D130003A2BB /* 2468_1.swift */ = {isa = PBXFileReference; lastKnownFileType = sourcecode.swift; path = 2468_1.swift; sourceTree = "<group>"; };
		1349320B2B64E1AD0003A2BB /* 2468_2.swift */ = {isa = PBXFileReference; lastKnownFileType = sourcecode.swift; path = 2468_2.swift; sourceTree = "<group>"; };
		1349320D2B65CDF30003A2BB /* 24479.swift */ = {isa = PBXFileReference; lastKnownFileType = sourcecode.swift; path = 24479.swift; sourceTree = "<group>"; };
		1349320F2B661A2F0003A2BB /* 2583.swift */ = {isa = PBXFileReference; lastKnownFileType = sourcecode.swift; path = 2583.swift; sourceTree = "<group>"; };
		134932112B664D1B0003A2BB /* 2644.swift */ = {isa = PBXFileReference; lastKnownFileType = sourcecode.swift; path = 2644.swift; sourceTree = "<group>"; };
		134932182B6693610003A2BB /* 10026.swift */ = {isa = PBXFileReference; lastKnownFileType = sourcecode.swift; path = 10026.swift; sourceTree = "<group>"; };
		1349321A2B673BB70003A2BB /* 1987.swift */ = {isa = PBXFileReference; lastKnownFileType = sourcecode.swift; path = 1987.swift; sourceTree = "<group>"; };
		1364FBE12B5EE0AA00D89FC9 /* 11725.swift */ = {isa = PBXFileReference; lastKnownFileType = sourcecode.swift; path = 11725.swift; sourceTree = "<group>"; };
		137F18F92B7C2365008408AD /* 1927.swift */ = {isa = PBXFileReference; lastKnownFileType = sourcecode.swift; path = 1927.swift; sourceTree = "<group>"; };
		137F18FB2B7D47E3008408AD /* 2841.swift */ = {isa = PBXFileReference; lastKnownFileType = sourcecode.swift; path = 2841.swift; sourceTree = "<group>"; };
		137F18FD2B7DE108008408AD /* 4889.swift */ = {isa = PBXFileReference; lastKnownFileType = sourcecode.swift; path = 4889.swift; sourceTree = "<group>"; };
		137F18FF2B7DE97C008408AD /* 15723.swift */ = {isa = PBXFileReference; lastKnownFileType = sourcecode.swift; path = 15723.swift; sourceTree = "<group>"; };
		137F19072B7F5082008408AD /* 25644.swift */ = {isa = PBXFileReference; lastKnownFileType = sourcecode.swift; path = 25644.swift; sourceTree = "<group>"; };
		137F19092B7FA6F1008408AD /* 1389.swift */ = {isa = PBXFileReference; lastKnownFileType = sourcecode.swift; path = 1389.swift; sourceTree = "<group>"; };
		137F190B2B81F248008408AD /* 1325.swift */ = {isa = PBXFileReference; lastKnownFileType = sourcecode.swift; path = 1325.swift; sourceTree = "<group>"; };
		137F190D2B825459008408AD /* 10815.swift */ = {isa = PBXFileReference; lastKnownFileType = sourcecode.swift; path = 10815.swift; sourceTree = "<group>"; };
		137F190F2B8259AE008408AD /* 1316.swift */ = {isa = PBXFileReference; lastKnownFileType = sourcecode.swift; path = 1316.swift; sourceTree = "<group>"; };
		137F19132B826A94008408AD /* 1340.swift */ = {isa = PBXFileReference; lastKnownFileType = sourcecode.swift; path = 1340.swift; sourceTree = "<group>"; };
		137F19152B8481DF008408AD /* 11651.swift */ = {isa = PBXFileReference; lastKnownFileType = sourcecode.swift; path = 11651.swift; sourceTree = "<group>"; };
		137F19172B848C62008408AD /* 1439.swift */ = {isa = PBXFileReference; lastKnownFileType = sourcecode.swift; path = 1439.swift; sourceTree = "<group>"; };
		137F19192B849636008408AD /* 1439_2.swift */ = {isa = PBXFileReference; lastKnownFileType = sourcecode.swift; path = 1439_2.swift; sourceTree = "<group>"; };
		137F191B2B84B034008408AD /* 17266.swift */ = {isa = PBXFileReference; lastKnownFileType = sourcecode.swift; path = 17266.swift; sourceTree = "<group>"; };
		137F191D2B8517AE008408AD /* 1920_1.swift */ = {isa = PBXFileReference; lastKnownFileType = sourcecode.swift; path = 1920_1.swift; sourceTree = "<group>"; };
		137F19222B8527E1008408AD /* 10816.swift */ = {isa = PBXFileReference; lastKnownFileType = sourcecode.swift; path = 10816.swift; sourceTree = "<group>"; };
		13C8D5B82B5D04FD0057E32C /* 11478.swift */ = {isa = PBXFileReference; lastKnownFileType = sourcecode.swift; path = 11478.swift; sourceTree = "<group>"; };
		13C8D5BA2B5D27390057E32C /* 1759.swift */ = {isa = PBXFileReference; lastKnownFileType = sourcecode.swift; path = 1759.swift; sourceTree = "<group>"; };
		13C8D5BC2B5D9CE80057E32C /* 16987.swift */ = {isa = PBXFileReference; lastKnownFileType = sourcecode.swift; path = 16987.swift; sourceTree = "<group>"; };
		13CADF342B5A2F2A0046FDCB /* 10972.swift */ = {isa = PBXFileReference; lastKnownFileType = sourcecode.swift; path = 10972.swift; sourceTree = "<group>"; };
		13CADF362B5BB63C0046FDCB /* 10974.swift */ = {isa = PBXFileReference; lastKnownFileType = sourcecode.swift; path = 10974.swift; sourceTree = "<group>"; };
		13CADF382B5BE13D0046FDCB /* 1182.swift */ = {isa = PBXFileReference; lastKnownFileType = sourcecode.swift; path = 1182.swift; sourceTree = "<group>"; };
		13E2759D2B682CF300024856 /* 1991.swift */ = {isa = PBXFileReference; lastKnownFileType = sourcecode.swift; path = 1991.swift; sourceTree = "<group>"; };
		13E2759F2B6B792400024856 /* 1926.swift */ = {isa = PBXFileReference; lastKnownFileType = sourcecode.swift; path = 1926.swift; sourceTree = "<group>"; };
		13E275A12B6B8E5900024856 /* 1743.swift */ = {isa = PBXFileReference; lastKnownFileType = sourcecode.swift; path = 1743.swift; sourceTree = "<group>"; };
		13E7468B2B4DE73F007D5C15 /* CodingTest2 */ = {isa = PBXFileReference; explicitFileType = "compiled.mach-o.executable"; includeInIndex = 0; path = CodingTest2; sourceTree = BUILT_PRODUCTS_DIR; };
		13E7468E2B4DE73F007D5C15 /* 10808.swift */ = {isa = PBXFileReference; lastKnownFileType = sourcecode.swift; path = 10808.swift; sourceTree = "<group>"; };
		13E746952B4DED96007D5C15 /* 10807.swift */ = {isa = PBXFileReference; lastKnownFileType = sourcecode.swift; path = 10807.swift; sourceTree = "<group>"; };
		13E746972B4DF04D007D5C15 /* 11328.swift */ = {isa = PBXFileReference; lastKnownFileType = sourcecode.swift; path = 11328.swift; sourceTree = "<group>"; };
		13E746992B4E7DFC007D5C15 /* 13300.swift */ = {isa = PBXFileReference; lastKnownFileType = sourcecode.swift; path = 13300.swift; sourceTree = "<group>"; };
		13E7469C2B4E9A63007D5C15 /* 5297.swift */ = {isa = PBXFileReference; lastKnownFileType = sourcecode.swift; path = 5297.swift; sourceTree = "<group>"; };
		13E7469E2B4ED80F007D5C15 /* 1919.swift */ = {isa = PBXFileReference; lastKnownFileType = sourcecode.swift; path = 1919.swift; sourceTree = "<group>"; };
		13E746A02B4EDCC0007D5C15 /* 2504.swift */ = {isa = PBXFileReference; lastKnownFileType = sourcecode.swift; path = 2504.swift; sourceTree = "<group>"; };
		13F6DAD12B54404C00573B86 /* 15649.swift */ = {isa = PBXFileReference; lastKnownFileType = sourcecode.swift; path = 15649.swift; sourceTree = "<group>"; };
		13F6DAD32B55510A00573B86 /* 15650.swift */ = {isa = PBXFileReference; lastKnownFileType = sourcecode.swift; path = 15650.swift; sourceTree = "<group>"; };
		13F6DAD52B55B71A00573B86 /* 15651.swift */ = {isa = PBXFileReference; lastKnownFileType = sourcecode.swift; path = 15651.swift; sourceTree = "<group>"; };
		13F6DAD72B566A2C00573B86 /* 15652.swift */ = {isa = PBXFileReference; lastKnownFileType = sourcecode.swift; path = 15652.swift; sourceTree = "<group>"; };
		13F6DAD92B566DEB00573B86 /* 15654.swift */ = {isa = PBXFileReference; lastKnownFileType = sourcecode.swift; path = 15654.swift; sourceTree = "<group>"; };
		13F6DADB2B567E4800573B86 /* 15655.swift */ = {isa = PBXFileReference; lastKnownFileType = sourcecode.swift; path = 15655.swift; sourceTree = "<group>"; };
		13F6DADD2B56ACEE00573B86 /* 15656.swift */ = {isa = PBXFileReference; lastKnownFileType = sourcecode.swift; path = 15656.swift; sourceTree = "<group>"; };
		13F6DADF2B56FB9400573B86 /* 15657.swift */ = {isa = PBXFileReference; lastKnownFileType = sourcecode.swift; path = 15657.swift; sourceTree = "<group>"; };
		13F6DAE12B5704E800573B86 /* 15663.swift */ = {isa = PBXFileReference; lastKnownFileType = sourcecode.swift; path = 15663.swift; sourceTree = "<group>"; };
		13F6DAE32B582A1B00573B86 /* 15664.swift */ = {isa = PBXFileReference; lastKnownFileType = sourcecode.swift; path = 15664.swift; sourceTree = "<group>"; };
		13F6DAE52B58507E00573B86 /* 15665.swift */ = {isa = PBXFileReference; lastKnownFileType = sourcecode.swift; path = 15665.swift; sourceTree = "<group>"; };
		13F6DAE72B586E7B00573B86 /* 15666.swift */ = {isa = PBXFileReference; lastKnownFileType = sourcecode.swift; path = 15666.swift; sourceTree = "<group>"; };
		13F6DAE92B59497700573B86 /* 9663.swift */ = {isa = PBXFileReference; lastKnownFileType = sourcecode.swift; path = 9663.swift; sourceTree = "<group>"; };
/* End PBXFileReference section */

/* Begin PBXFrameworksBuildPhase section */
		13E746882B4DE73F007D5C15 /* Frameworks */ = {
			isa = PBXFrameworksBuildPhase;
			buildActionMask = 2147483647;
			files = (
			);
			runOnlyForDeploymentPostprocessing = 0;
		};
/* End PBXFrameworksBuildPhase section */

/* Begin PBXGroup section */
		131090B92B500D4300CF4A94 /* 0x05 */ = {
			isa = PBXGroup;
			children = (
				131090BA2B500D4F00CF4A94 /* 10773.swift */,
			);
			path = 0x05;
			sourceTree = "<group>";
		};
		13332DE12B78FA0C00B2D16A /* Bronze */ = {
			isa = PBXGroup;
			children = (
				13332DE22B78FA2700B2D16A /* 14935.swift */,
				13332DE42B79059700B2D16A /* 10101.swift */,
			);
			path = Bronze;
			sourceTree = "<group>";
		};
		134932172B6693590003A2BB /* Gold */ = {
			isa = PBXGroup;
			children = (
				134932182B6693610003A2BB /* 10026.swift */,
				1349321A2B673BB70003A2BB /* 1987.swift */,
				13332DC32B73E0E600B2D16A /* 2573.swift */,
				13332DC52B74B84F00B2D16A /* 1068.swift */,
				13332DCD2B7696A000B2D16A /* 1707.swift */,
				130CF3652B8DE3CD0051DEE8 /* main.swift */,
			);
			path = Gold;
			sourceTree = "<group>";
		};
		137F19212B8527BB008408AD /* 0x0C_old */ = {
			isa = PBXGroup;
			children = (
				137F19222B8527E1008408AD /* 10816.swift */,
			);
			path = 0x0C_old;
			sourceTree = "<group>";
		};
		13C8D5B72B5D04EA0057E32C /* Silver */ = {
			isa = PBXGroup;
			children = (
				13332DAF2B6C9D2000B2D16A /* CodingTest2-Bridging-Header.h */,
				13C8D5B82B5D04FD0057E32C /* 11478.swift */,
				1364FBE12B5EE0AA00D89FC9 /* 11725.swift */,
				134931F72B624CB10003A2BB /* 13335.swift */,
				134931F92B63D2A60003A2BB /* 2606.swift */,
				134931FB2B63F2090003A2BB /* 1914.swift */,
				134931FD2B640BF80003A2BB /* 14888.swift */,
				134931FF2B6422AC0003A2BB /* 1012_1.swift */,
				134932012B643BD90003A2BB /* 1012_2.swift */,
				134932032B6459A00003A2BB /* 4963.swift */,
				134932052B6465590003A2BB /* 14716.swift */,
				134932072B64685F0003A2BB /* 11724.swift */,
				134932092B647D130003A2BB /* 2468_1.swift */,
				1349320B2B64E1AD0003A2BB /* 2468_2.swift */,
				1349320D2B65CDF30003A2BB /* 24479.swift */,
				1349320F2B661A2F0003A2BB /* 2583.swift */,
				134932112B664D1B0003A2BB /* 2644.swift */,
				13E2759D2B682CF300024856 /* 1991.swift */,
				13E2759F2B6B792400024856 /* 1926.swift */,
				13E275A12B6B8E5900024856 /* 1743.swift */,
				13332DAD2B6BFA3500B2D16A /* 3184.swift */,
				13332DB02B6C9D2000B2D16A /* 1303.swift */,
				13332DB42B6CB3A500B2D16A /* 24480.swift */,
				13332DB62B6CE03B00B2D16A /* 13565.swift */,
				13332DB82B6E451C00B2D16A /* 21736.swift */,
				13332DBA2B6EE0F900B2D16A /* 2178.swift */,
				13332DBD2B70DB2500B2D16A /* 1697.swift */,
				13332DC12B73780C00B2D16A /* 16953.swift */,
				13332DC72B7557F500B2D16A /* 24481.swift */,
				13332DC92B75628200B2D16A /* 3187.swift */,
				13332DCB2B762AD300B2D16A /* 15240.swift */,
				13332DCF2B776F8000B2D16A /* 24482.swift */,
				13332DD12B77759100B2D16A /* 24483.swift */,
				13332DD32B77BBE500B2D16A /* 24484.swift */,
				13332DD52B77C7CA00B2D16A /* 24444.swift */,
				13332DD72B77CEBA00B2D16A /* 24445.swift */,
				13332DD92B77F64B00B2D16A /* 24446.swift */,
				13332DDB2B78A10B00B2D16A /* 24447.swift */,
				13332DDD2B78C43E00B2D16A /* 7562.swift */,
				13332DDF2B78CBF500B2D16A /* 14940.swift */,
				13332DE62B7940C700B2D16A /* 11279.swift */,
				137F18F92B7C2365008408AD /* 1927.swift */,
				137F18FB2B7D47E3008408AD /* 2841.swift */,
				137F18FD2B7DE108008408AD /* 4889.swift */,
				137F18FF2B7DE97C008408AD /* 15723.swift */,
				137F19072B7F5082008408AD /* 25644.swift */,
				137F19092B7FA6F1008408AD /* 1389.swift */,
				137F190B2B81F248008408AD /* 1325.swift */,
				137F190D2B825459008408AD /* 10815.swift */,
				137F190F2B8259AE008408AD /* 1316.swift */,
				137F19132B826A94008408AD /* 1340.swift */,
				137F19152B8481DF008408AD /* 11651.swift */,
				137F19172B848C62008408AD /* 1439.swift */,
				137F19192B849636008408AD /* 1439_2.swift */,
				137F191B2B84B034008408AD /* 17266.swift */,
				137F191D2B8517AE008408AD /* 1920_1.swift */,
				130CF3632B8DDE280051DEE8 /* 16948.swift */,
			);
			path = Silver;
			sourceTree = "<group>";
		};
		13E746822B4DE73F007D5C15 = {
			isa = PBXGroup;
			children = (
				13E7468D2B4DE73F007D5C15 /* CodingTest2 */,
				13E7468C2B4DE73F007D5C15 /* Products */,
			);
			sourceTree = "<group>";
		};
		13E7468C2B4DE73F007D5C15 /* Products */ = {
			isa = PBXGroup;
			children = (
				13E7468B2B4DE73F007D5C15 /* CodingTest2 */,
			);
			name = Products;
			sourceTree = "<group>";
		};
		13E7468D2B4DE73F007D5C15 /* CodingTest2 */ = {
			isa = PBXGroup;
			children = (
				134932172B6693590003A2BB /* Gold */,
				13C8D5B72B5D04EA0057E32C /* Silver */,
				13332DE12B78FA0C00B2D16A /* Bronze */,
				13E7469B2B4E9A47007D5C15 /* 0x02 */,
				13E746A22B4EE5E8007D5C15 /* 0x03 */,
				13E746A32B4EE5F8007D5C15 /* 0x04 */,
				131090B92B500D4300CF4A94 /* 0x05 */,
				13F6DAD02B543FF100573B86 /* 0x0C */,
				137F19212B8527BB008408AD /* 0x0C_old */,
			);
			path = CodingTest2;
			sourceTree = "<group>";
		};
		13E7469B2B4E9A47007D5C15 /* 0x02 */ = {
			isa = PBXGroup;
			children = (
				13E7468E2B4DE73F007D5C15 /* 10808.swift */,
				13E746952B4DED96007D5C15 /* 10807.swift */,
				13E746972B4DF04D007D5C15 /* 11328.swift */,
				13E746992B4E7DFC007D5C15 /* 13300.swift */,
				13E7469C2B4E9A63007D5C15 /* 5297.swift */,
				13E7469E2B4ED80F007D5C15 /* 1919.swift */,
			);
			path = 0x02;
			sourceTree = "<group>";
		};
		13E746A22B4EE5E8007D5C15 /* 0x03 */ = {
			isa = PBXGroup;
			children = (
				131090BE2B50973400CF4A94 /* 10845.swift */,
				131090C02B51331B00CF4A94 /* 5430.swift */,
			);
			path = 0x03;
			sourceTree = "<group>";
		};
		13E746A32B4EE5F8007D5C15 /* 0x04 */ = {
			isa = PBXGroup;
			children = (
				131090BC2B50176F00CF4A94 /* 2493.swift */,
				13E746A02B4EDCC0007D5C15 /* 2504.swift */,
			);
			path = 0x04;
			sourceTree = "<group>";
		};
		13F6DAD02B543FF100573B86 /* 0x0C */ = {
			isa = PBXGroup;
			children = (
				13F6DAD12B54404C00573B86 /* 15649.swift */,
				13F6DAD32B55510A00573B86 /* 15650.swift */,
				13F6DAD52B55B71A00573B86 /* 15651.swift */,
				13F6DAD72B566A2C00573B86 /* 15652.swift */,
				13F6DAD92B566DEB00573B86 /* 15654.swift */,
				13F6DADB2B567E4800573B86 /* 15655.swift */,
				13F6DADD2B56ACEE00573B86 /* 15656.swift */,
				13F6DADF2B56FB9400573B86 /* 15657.swift */,
				13F6DAE12B5704E800573B86 /* 15663.swift */,
				13F6DAE32B582A1B00573B86 /* 15664.swift */,
				13F6DAE52B58507E00573B86 /* 15665.swift */,
				13F6DAE72B586E7B00573B86 /* 15666.swift */,
				13F6DAE92B59497700573B86 /* 9663.swift */,
				13CADF342B5A2F2A0046FDCB /* 10972.swift */,
				13CADF362B5BB63C0046FDCB /* 10974.swift */,
				13CADF382B5BE13D0046FDCB /* 1182.swift */,
				133FD08F2B5C1A0100F21A39 /* 6603.swift */,
				13C8D5BA2B5D27390057E32C /* 1759.swift */,
				13C8D5BC2B5D9CE80057E32C /* 16987.swift */,
			);
			path = 0x0C;
			sourceTree = "<group>";
		};
/* End PBXGroup section */

/* Begin PBXNativeTarget section */
		13E7468A2B4DE73F007D5C15 /* CodingTest2 */ = {
			isa = PBXNativeTarget;
			buildConfigurationList = 13E746922B4DE73F007D5C15 /* Build configuration list for PBXNativeTarget "CodingTest2" */;
			buildPhases = (
				13E746872B4DE73F007D5C15 /* Sources */,
				13E746882B4DE73F007D5C15 /* Frameworks */,
				13E746892B4DE73F007D5C15 /* CopyFiles */,
			);
			buildRules = (
			);
			dependencies = (
			);
			name = CodingTest2;
			productName = CodingTest2;
			productReference = 13E7468B2B4DE73F007D5C15 /* CodingTest2 */;
			productType = "com.apple.product-type.tool";
		};
/* End PBXNativeTarget section */

/* Begin PBXProject section */
		13E746832B4DE73F007D5C15 /* Project object */ = {
			isa = PBXProject;
			attributes = {
				BuildIndependentTargetsInParallel = 1;
				LastSwiftUpdateCheck = 1510;
				LastUpgradeCheck = 1510;
				TargetAttributes = {
					13E7468A2B4DE73F007D5C15 = {
						CreatedOnToolsVersion = 15.1;
						LastSwiftMigration = 1520;
					};
				};
			};
			buildConfigurationList = 13E746862B4DE73F007D5C15 /* Build configuration list for PBXProject "CodingTest2" */;
			compatibilityVersion = "Xcode 14.0";
			developmentRegion = en;
			hasScannedForEncodings = 0;
			knownRegions = (
				en,
				Base,
			);
			mainGroup = 13E746822B4DE73F007D5C15;
			productRefGroup = 13E7468C2B4DE73F007D5C15 /* Products */;
			projectDirPath = "";
			projectRoot = "";
			targets = (
				13E7468A2B4DE73F007D5C15 /* CodingTest2 */,
			);
		};
/* End PBXProject section */

/* Begin PBXSourcesBuildPhase section */
		13E746872B4DE73F007D5C15 /* Sources */ = {
			isa = PBXSourcesBuildPhase;
			buildActionMask = 2147483647;
			files = (
				130CF3662B8DE3CD0051DEE8 /* main.swift in Sources */,
			);
			runOnlyForDeploymentPostprocessing = 0;
		};
/* End PBXSourcesBuildPhase section */

/* Begin XCBuildConfiguration section */
		13E746902B4DE73F007D5C15 /* Debug */ = {
			isa = XCBuildConfiguration;
			buildSettings = {
				ALWAYS_SEARCH_USER_PATHS = NO;
				ASSETCATALOG_COMPILER_GENERATE_SWIFT_ASSET_SYMBOL_EXTENSIONS = YES;
				CLANG_ANALYZER_NONNULL = YES;
				CLANG_ANALYZER_NUMBER_OBJECT_CONVERSION = YES_AGGRESSIVE;
				CLANG_CXX_LANGUAGE_STANDARD = "gnu++20";
				CLANG_ENABLE_MODULES = YES;
				CLANG_ENABLE_OBJC_ARC = YES;
				CLANG_ENABLE_OBJC_WEAK = YES;
				CLANG_WARN_BLOCK_CAPTURE_AUTORELEASING = YES;
				CLANG_WARN_BOOL_CONVERSION = YES;
				CLANG_WARN_COMMA = YES;
				CLANG_WARN_CONSTANT_CONVERSION = YES;
				CLANG_WARN_DEPRECATED_OBJC_IMPLEMENTATIONS = YES;
				CLANG_WARN_DIRECT_OBJC_ISA_USAGE = YES_ERROR;
				CLANG_WARN_DOCUMENTATION_COMMENTS = YES;
				CLANG_WARN_EMPTY_BODY = YES;
				CLANG_WARN_ENUM_CONVERSION = YES;
				CLANG_WARN_INFINITE_RECURSION = YES;
				CLANG_WARN_INT_CONVERSION = YES;
				CLANG_WARN_NON_LITERAL_NULL_CONVERSION = YES;
				CLANG_WARN_OBJC_IMPLICIT_RETAIN_SELF = YES;
				CLANG_WARN_OBJC_LITERAL_CONVERSION = YES;
				CLANG_WARN_OBJC_ROOT_CLASS = YES_ERROR;
				CLANG_WARN_QUOTED_INCLUDE_IN_FRAMEWORK_HEADER = YES;
				CLANG_WARN_RANGE_LOOP_ANALYSIS = YES;
				CLANG_WARN_STRICT_PROTOTYPES = YES;
				CLANG_WARN_SUSPICIOUS_MOVE = YES;
				CLANG_WARN_UNGUARDED_AVAILABILITY = YES_AGGRESSIVE;
				CLANG_WARN_UNREACHABLE_CODE = YES;
				CLANG_WARN__DUPLICATE_METHOD_MATCH = YES;
				COPY_PHASE_STRIP = NO;
				DEBUG_INFORMATION_FORMAT = dwarf;
				ENABLE_STRICT_OBJC_MSGSEND = YES;
				ENABLE_TESTABILITY = YES;
				ENABLE_USER_SCRIPT_SANDBOXING = YES;
				GCC_C_LANGUAGE_STANDARD = gnu17;
				GCC_DYNAMIC_NO_PIC = NO;
				GCC_NO_COMMON_BLOCKS = YES;
				GCC_OPTIMIZATION_LEVEL = 0;
				GCC_PREPROCESSOR_DEFINITIONS = (
					"DEBUG=1",
					"$(inherited)",
				);
				GCC_WARN_64_TO_32_BIT_CONVERSION = YES;
				GCC_WARN_ABOUT_RETURN_TYPE = YES_ERROR;
				GCC_WARN_UNDECLARED_SELECTOR = YES;
				GCC_WARN_UNINITIALIZED_AUTOS = YES_AGGRESSIVE;
				GCC_WARN_UNUSED_FUNCTION = YES;
				GCC_WARN_UNUSED_VARIABLE = YES;
				LOCALIZATION_PREFERS_STRING_CATALOGS = YES;
				MACOSX_DEPLOYMENT_TARGET = 14.2;
				MTL_ENABLE_DEBUG_INFO = INCLUDE_SOURCE;
				MTL_FAST_MATH = YES;
				ONLY_ACTIVE_ARCH = YES;
				SDKROOT = macosx;
				SWIFT_ACTIVE_COMPILATION_CONDITIONS = "DEBUG $(inherited)";
				SWIFT_OPTIMIZATION_LEVEL = "-Onone";
			};
			name = Debug;
		};
		13E746912B4DE73F007D5C15 /* Release */ = {
			isa = XCBuildConfiguration;
			buildSettings = {
				ALWAYS_SEARCH_USER_PATHS = NO;
				ASSETCATALOG_COMPILER_GENERATE_SWIFT_ASSET_SYMBOL_EXTENSIONS = YES;
				CLANG_ANALYZER_NONNULL = YES;
				CLANG_ANALYZER_NUMBER_OBJECT_CONVERSION = YES_AGGRESSIVE;
				CLANG_CXX_LANGUAGE_STANDARD = "gnu++20";
				CLANG_ENABLE_MODULES = YES;
				CLANG_ENABLE_OBJC_ARC = YES;
				CLANG_ENABLE_OBJC_WEAK = YES;
				CLANG_WARN_BLOCK_CAPTURE_AUTORELEASING = YES;
				CLANG_WARN_BOOL_CONVERSION = YES;
				CLANG_WARN_COMMA = YES;
				CLANG_WARN_CONSTANT_CONVERSION = YES;
				CLANG_WARN_DEPRECATED_OBJC_IMPLEMENTATIONS = YES;
				CLANG_WARN_DIRECT_OBJC_ISA_USAGE = YES_ERROR;
				CLANG_WARN_DOCUMENTATION_COMMENTS = YES;
				CLANG_WARN_EMPTY_BODY = YES;
				CLANG_WARN_ENUM_CONVERSION = YES;
				CLANG_WARN_INFINITE_RECURSION = YES;
				CLANG_WARN_INT_CONVERSION = YES;
				CLANG_WARN_NON_LITERAL_NULL_CONVERSION = YES;
				CLANG_WARN_OBJC_IMPLICIT_RETAIN_SELF = YES;
				CLANG_WARN_OBJC_LITERAL_CONVERSION = YES;
				CLANG_WARN_OBJC_ROOT_CLASS = YES_ERROR;
				CLANG_WARN_QUOTED_INCLUDE_IN_FRAMEWORK_HEADER = YES;
				CLANG_WARN_RANGE_LOOP_ANALYSIS = YES;
				CLANG_WARN_STRICT_PROTOTYPES = YES;
				CLANG_WARN_SUSPICIOUS_MOVE = YES;
				CLANG_WARN_UNGUARDED_AVAILABILITY = YES_AGGRESSIVE;
				CLANG_WARN_UNREACHABLE_CODE = YES;
				CLANG_WARN__DUPLICATE_METHOD_MATCH = YES;
				COPY_PHASE_STRIP = NO;
				DEBUG_INFORMATION_FORMAT = "dwarf-with-dsym";
				ENABLE_NS_ASSERTIONS = NO;
				ENABLE_STRICT_OBJC_MSGSEND = YES;
				ENABLE_USER_SCRIPT_SANDBOXING = YES;
				GCC_C_LANGUAGE_STANDARD = gnu17;
				GCC_NO_COMMON_BLOCKS = YES;
				GCC_WARN_64_TO_32_BIT_CONVERSION = YES;
				GCC_WARN_ABOUT_RETURN_TYPE = YES_ERROR;
				GCC_WARN_UNDECLARED_SELECTOR = YES;
				GCC_WARN_UNINITIALIZED_AUTOS = YES_AGGRESSIVE;
				GCC_WARN_UNUSED_FUNCTION = YES;
				GCC_WARN_UNUSED_VARIABLE = YES;
				LOCALIZATION_PREFERS_STRING_CATALOGS = YES;
				MACOSX_DEPLOYMENT_TARGET = 14.2;
				MTL_ENABLE_DEBUG_INFO = NO;
				MTL_FAST_MATH = YES;
				SDKROOT = macosx;
				SWIFT_COMPILATION_MODE = wholemodule;
			};
			name = Release;
		};
		13E746932B4DE73F007D5C15 /* Debug */ = {
			isa = XCBuildConfiguration;
			buildSettings = {
				CLANG_ENABLE_MODULES = YES;
				CODE_SIGN_STYLE = Automatic;
				DEVELOPMENT_TEAM = BH624LXP8S;
				ENABLE_HARDENED_RUNTIME = YES;
				PRODUCT_NAME = "$(TARGET_NAME)";
				SWIFT_OBJC_BRIDGING_HEADER = "CodingTest2/Silver/CodingTest2-Bridging-Header.h";
				SWIFT_OPTIMIZATION_LEVEL = "-Onone";
				SWIFT_VERSION = 5.0;
			};
			name = Debug;
		};
		13E746942B4DE73F007D5C15 /* Release */ = {
			isa = XCBuildConfiguration;
			buildSettings = {
				CLANG_ENABLE_MODULES = YES;
				CODE_SIGN_STYLE = Automatic;
				DEVELOPMENT_TEAM = BH624LXP8S;
				ENABLE_HARDENED_RUNTIME = YES;
				PRODUCT_NAME = "$(TARGET_NAME)";
				SWIFT_OBJC_BRIDGING_HEADER = "CodingTest2/Silver/CodingTest2-Bridging-Header.h";
				SWIFT_VERSION = 5.0;
			};
			name = Release;
		};
/* End XCBuildConfiguration section */

/* Begin XCConfigurationList section */
		13E746862B4DE73F007D5C15 /* Build configuration list for PBXProject "CodingTest2" */ = {
			isa = XCConfigurationList;
			buildConfigurations = (
				13E746902B4DE73F007D5C15 /* Debug */,
				13E746912B4DE73F007D5C15 /* Release */,
			);
			defaultConfigurationIsVisible = 0;
			defaultConfigurationName = Release;
		};
		13E746922B4DE73F007D5C15 /* Build configuration list for PBXNativeTarget "CodingTest2" */ = {
			isa = XCConfigurationList;
			buildConfigurations = (
				13E746932B4DE73F007D5C15 /* Debug */,
				13E746942B4DE73F007D5C15 /* Release */,
			);
			defaultConfigurationIsVisible = 0;
			defaultConfigurationName = Release;
		};
/* End XCConfigurationList section */
	};
	rootObject = 13E746832B4DE73F007D5C15 /* Project object */;
}
