// !$*UTF8*$!
{
	archiveVersion = 1;
	classes = {
	};
	objectVersion = 56;
	objects = {

/* Begin PBXCopyFilesBuildPhase section */
		13E746892B4DE73F007D5C15 /* CopyFiles */ = {
			isa = PBXCopyFilesBuildPhase;
			buildActionMask = 2147483647;
			dstPath = /usr/share/man/man1/;
			dstSubfolderSpec = 0;
			files = (
			);
			runOnlyForDeploymentPostprocessing = 1;
		};
/* End PBXCopyFilesBuildPhase section */

/* Begin PBXFileReference section */
		131090BA2B500D4F00CF4A94 /* 10773.swift */ = {isa = PBXFileReference; lastKnownFileType = sourcecode.swift; path = 10773.swift; sourceTree = "<group>"; };
		131090BC2B50176F00CF4A94 /* 2493.swift */ = {isa = PBXFileReference; lastKnownFileType = sourcecode.swift; path = 2493.swift; sourceTree = "<group>"; };
		131090BE2B50973400CF4A94 /* 10845.swift */ = {isa = PBXFileReference; lastKnownFileType = sourcecode.swift; path = 10845.swift; sourceTree = "<group>"; };
		131090C02B51331B00CF4A94 /* 5430.swift */ = {isa = PBXFileReference; lastKnownFileType = sourcecode.swift; path = 5430.swift; sourceTree = "<group>"; };
		13E7468B2B4DE73F007D5C15 /* CodingTest2 */ = {isa = PBXFileReference; explicitFileType = "compiled.mach-o.executable"; includeInIndex = 0; path = CodingTest2; sourceTree = BUILT_PRODUCTS_DIR; };
		13E7468E2B4DE73F007D5C15 /* 10808.swift */ = {isa = PBXFileReference; lastKnownFileType = sourcecode.swift; path = 10808.swift; sourceTree = "<group>"; };
		13E746952B4DED96007D5C15 /* 10807.swift */ = {isa = PBXFileReference; lastKnownFileType = sourcecode.swift; path = 10807.swift; sourceTree = "<group>"; };
		13E746972B4DF04D007D5C15 /* 11328.swift */ = {isa = PBXFileReference; lastKnownFileType = sourcecode.swift; path = 11328.swift; sourceTree = "<group>"; };
		13E746992B4E7DFC007D5C15 /* 13300.swift */ = {isa = PBXFileReference; lastKnownFileType = sourcecode.swift; path = 13300.swift; sourceTree = "<group>"; };
		13E7469C2B4E9A63007D5C15 /* 5297.swift */ = {isa = PBXFileReference; lastKnownFileType = sourcecode.swift; path = 5297.swift; sourceTree = "<group>"; };
		13E7469E2B4ED80F007D5C15 /* 1919.swift */ = {isa = PBXFileReference; lastKnownFileType = sourcecode.swift; path = 1919.swift; sourceTree = "<group>"; };
		13E746A02B4EDCC0007D5C15 /* 2504.swift */ = {isa = PBXFileReference; lastKnownFileType = sourcecode.swift; path = 2504.swift; sourceTree = "<group>"; };
		13F6DAD12B54404C00573B86 /* 15649.swift */ = {isa = PBXFileReference; lastKnownFileType = sourcecode.swift; path = 15649.swift; sourceTree = "<group>"; };
		13F6DAD32B55510A00573B86 /* 15650.swift */ = {isa = PBXFileReference; lastKnownFileType = sourcecode.swift; path = 15650.swift; sourceTree = "<group>"; };
		13F6DAD52B55B71A00573B86 /* 15651.swift */ = {isa = PBXFileReference; lastKnownFileType = sourcecode.swift; path = 15651.swift; sourceTree = "<group>"; };
/* End PBXFileReference section */

/* Begin PBXFrameworksBuildPhase section */
		13E746882B4DE73F007D5C15 /* Frameworks */ = {
			isa = PBXFrameworksBuildPhase;
			buildActionMask = 2147483647;
			files = (
			);
			runOnlyForDeploymentPostprocessing = 0;
		};
/* End PBXFrameworksBuildPhase section */

/* Begin PBXGroup section */
		131090B92B500D4300CF4A94 /* 0x05 */ = {
			isa = PBXGroup;
			children = (
				131090BA2B500D4F00CF4A94 /* 10773.swift */,
			);
			path = 0x05;
			sourceTree = "<group>";
		};
		13E746822B4DE73F007D5C15 = {
			isa = PBXGroup;
			children = (
				13E7468D2B4DE73F007D5C15 /* CodingTest2 */,
				13E7468C2B4DE73F007D5C15 /* Products */,
			);
			sourceTree = "<group>";
		};
		13E7468C2B4DE73F007D5C15 /* Products */ = {
			isa = PBXGroup;
			children = (
				13E7468B2B4DE73F007D5C15 /* CodingTest2 */,
			);
			name = Products;
			sourceTree = "<group>";
		};
		13E7468D2B4DE73F007D5C15 /* CodingTest2 */ = {
			isa = PBXGroup;
			children = (
				13E7469B2B4E9A47007D5C15 /* 0x02 */,
				13E746A22B4EE5E8007D5C15 /* 0x03 */,
				13E746A32B4EE5F8007D5C15 /* 0x04 */,
				131090B92B500D4300CF4A94 /* 0x05 */,
				13F6DAD02B543FF100573B86 /* 0x0C */,
			);
			path = CodingTest2;
			sourceTree = "<group>";
		};
		13E7469B2B4E9A47007D5C15 /* 0x02 */ = {
			isa = PBXGroup;
			children = (
				13E7468E2B4DE73F007D5C15 /* 10808.swift */,
				13E746952B4DED96007D5C15 /* 10807.swift */,
				13E746972B4DF04D007D5C15 /* 11328.swift */,
				13E746992B4E7DFC007D5C15 /* 13300.swift */,
				13E7469C2B4E9A63007D5C15 /* 5297.swift */,
				13E7469E2B4ED80F007D5C15 /* 1919.swift */,
			);
			path = 0x02;
			sourceTree = "<group>";
		};
		13E746A22B4EE5E8007D5C15 /* 0x03 */ = {
			isa = PBXGroup;
			children = (
				131090BE2B50973400CF4A94 /* 10845.swift */,
				131090C02B51331B00CF4A94 /* 5430.swift */,
			);
			path = 0x03;
			sourceTree = "<group>";
		};
		13E746A32B4EE5F8007D5C15 /* 0x04 */ = {
			isa = PBXGroup;
			children = (
				131090BC2B50176F00CF4A94 /* 2493.swift */,
				13E746A02B4EDCC0007D5C15 /* 2504.swift */,
			);
			path = 0x04;
			sourceTree = "<group>";
		};
		13F6DAD02B543FF100573B86 /* 0x0C */ = {
			isa = PBXGroup;
			children = (
				13F6DAD12B54404C00573B86 /* 15649.swift */,
				13F6DAD32B55510A00573B86 /* 15650.swift */,
				13F6DAD52B55B71A00573B86 /* 15651.swift */,
			);
			path = 0x0C;
			sourceTree = "<group>";
		};
/* End PBXGroup section */

/* Begin PBXNativeTarget section */
		13E7468A2B4DE73F007D5C15 /* CodingTest2 */ = {
			isa = PBXNativeTarget;
			buildConfigurationList = 13E746922B4DE73F007D5C15 /* Build configuration list for PBXNativeTarget "CodingTest2" */;
			buildPhases = (
				13E746872B4DE73F007D5C15 /* Sources */,
				13E746882B4DE73F007D5C15 /* Frameworks */,
				13E746892B4DE73F007D5C15 /* CopyFiles */,
			);
			buildRules = (
			);
			dependencies = (
			);
			name = CodingTest2;
			productName = CodingTest2;
			productReference = 13E7468B2B4DE73F007D5C15 /* CodingTest2 */;
			productType = "com.apple.product-type.tool";
		};
/* End PBXNativeTarget section */

/* Begin PBXProject section */
		13E746832B4DE73F007D5C15 /* Project object */ = {
			isa = PBXProject;
			attributes = {
				BuildIndependentTargetsInParallel = 1;
				LastSwiftUpdateCheck = 1510;
				LastUpgradeCheck = 1510;
				TargetAttributes = {
					13E7468A2B4DE73F007D5C15 = {
						CreatedOnToolsVersion = 15.1;
						LastSwiftMigration = 1510;
					};
				};
			};
			buildConfigurationList = 13E746862B4DE73F007D5C15 /* Build configuration list for PBXProject "CodingTest2" */;
			compatibilityVersion = "Xcode 14.0";
			developmentRegion = en;
			hasScannedForEncodings = 0;
			knownRegions = (
				en,
				Base,
			);
			mainGroup = 13E746822B4DE73F007D5C15;
			productRefGroup = 13E7468C2B4DE73F007D5C15 /* Products */;
			projectDirPath = "";
			projectRoot = "";
			targets = (
				13E7468A2B4DE73F007D5C15 /* CodingTest2 */,
			);
		};
/* End PBXProject section */

/* Begin PBXSourcesBuildPhase section */
		13E746872B4DE73F007D5C15 /* Sources */ = {
			isa = PBXSourcesBuildPhase;
			buildActionMask = 2147483647;
			files = (
			);
			runOnlyForDeploymentPostprocessing = 0;
		};
/* End PBXSourcesBuildPhase section */

/* Begin XCBuildConfiguration section */
		13E746902B4DE73F007D5C15 /* Debug */ = {
			isa = XCBuildConfiguration;
			buildSettings = {
				ALWAYS_SEARCH_USER_PATHS = NO;
				ASSETCATALOG_COMPILER_GENERATE_SWIFT_ASSET_SYMBOL_EXTENSIONS = YES;
				CLANG_ANALYZER_NONNULL = YES;
				CLANG_ANALYZER_NUMBER_OBJECT_CONVERSION = YES_AGGRESSIVE;
				CLANG_CXX_LANGUAGE_STANDARD = "gnu++20";
				CLANG_ENABLE_MODULES = YES;
				CLANG_ENABLE_OBJC_ARC = YES;
				CLANG_ENABLE_OBJC_WEAK = YES;
				CLANG_WARN_BLOCK_CAPTURE_AUTORELEASING = YES;
				CLANG_WARN_BOOL_CONVERSION = YES;
				CLANG_WARN_COMMA = YES;
				CLANG_WARN_CONSTANT_CONVERSION = YES;
				CLANG_WARN_DEPRECATED_OBJC_IMPLEMENTATIONS = YES;
				CLANG_WARN_DIRECT_OBJC_ISA_USAGE = YES_ERROR;
				CLANG_WARN_DOCUMENTATION_COMMENTS = YES;
				CLANG_WARN_EMPTY_BODY = YES;
				CLANG_WARN_ENUM_CONVERSION = YES;
				CLANG_WARN_INFINITE_RECURSION = YES;
				CLANG_WARN_INT_CONVERSION = YES;
				CLANG_WARN_NON_LITERAL_NULL_CONVERSION = YES;
				CLANG_WARN_OBJC_IMPLICIT_RETAIN_SELF = YES;
				CLANG_WARN_OBJC_LITERAL_CONVERSION = YES;
				CLANG_WARN_OBJC_ROOT_CLASS = YES_ERROR;
				CLANG_WARN_QUOTED_INCLUDE_IN_FRAMEWORK_HEADER = YES;
				CLANG_WARN_RANGE_LOOP_ANALYSIS = YES;
				CLANG_WARN_STRICT_PROTOTYPES = YES;
				CLANG_WARN_SUSPICIOUS_MOVE = YES;
				CLANG_WARN_UNGUARDED_AVAILABILITY = YES_AGGRESSIVE;
				CLANG_WARN_UNREACHABLE_CODE = YES;
				CLANG_WARN__DUPLICATE_METHOD_MATCH = YES;
				COPY_PHASE_STRIP = NO;
				DEBUG_INFORMATION_FORMAT = dwarf;
				ENABLE_STRICT_OBJC_MSGSEND = YES;
				ENABLE_TESTABILITY = YES;
				ENABLE_USER_SCRIPT_SANDBOXING = YES;
				GCC_C_LANGUAGE_STANDARD = gnu17;
				GCC_DYNAMIC_NO_PIC = NO;
				GCC_NO_COMMON_BLOCKS = YES;
				GCC_OPTIMIZATION_LEVEL = 0;
				GCC_PREPROCESSOR_DEFINITIONS = (
					"DEBUG=1",
					"$(inherited)",
				);
				GCC_WARN_64_TO_32_BIT_CONVERSION = YES;
				GCC_WARN_ABOUT_RETURN_TYPE = YES_ERROR;
				GCC_WARN_UNDECLARED_SELECTOR = YES;
				GCC_WARN_UNINITIALIZED_AUTOS = YES_AGGRESSIVE;
				GCC_WARN_UNUSED_FUNCTION = YES;
				GCC_WARN_UNUSED_VARIABLE = YES;
				LOCALIZATION_PREFERS_STRING_CATALOGS = YES;
				MACOSX_DEPLOYMENT_TARGET = 14.2;
				MTL_ENABLE_DEBUG_INFO = INCLUDE_SOURCE;
				MTL_FAST_MATH = YES;
				ONLY_ACTIVE_ARCH = YES;
				SDKROOT = macosx;
				SWIFT_ACTIVE_COMPILATION_CONDITIONS = "DEBUG $(inherited)";
				SWIFT_OPTIMIZATION_LEVEL = "-Onone";
			};
			name = Debug;
		};
		13E746912B4DE73F007D5C15 /* Release */ = {
			isa = XCBuildConfiguration;
			buildSettings = {
				ALWAYS_SEARCH_USER_PATHS = NO;
				ASSETCATALOG_COMPILER_GENERATE_SWIFT_ASSET_SYMBOL_EXTENSIONS = YES;
				CLANG_ANALYZER_NONNULL = YES;
				CLANG_ANALYZER_NUMBER_OBJECT_CONVERSION = YES_AGGRESSIVE;
				CLANG_CXX_LANGUAGE_STANDARD = "gnu++20";
				CLANG_ENABLE_MODULES = YES;
				CLANG_ENABLE_OBJC_ARC = YES;
				CLANG_ENABLE_OBJC_WEAK = YES;
				CLANG_WARN_BLOCK_CAPTURE_AUTORELEASING = YES;
				CLANG_WARN_BOOL_CONVERSION = YES;
				CLANG_WARN_COMMA = YES;
				CLANG_WARN_CONSTANT_CONVERSION = YES;
				CLANG_WARN_DEPRECATED_OBJC_IMPLEMENTATIONS = YES;
				CLANG_WARN_DIRECT_OBJC_ISA_USAGE = YES_ERROR;
				CLANG_WARN_DOCUMENTATION_COMMENTS = YES;
				CLANG_WARN_EMPTY_BODY = YES;
				CLANG_WARN_ENUM_CONVERSION = YES;
				CLANG_WARN_INFINITE_RECURSION = YES;
				CLANG_WARN_INT_CONVERSION = YES;
				CLANG_WARN_NON_LITERAL_NULL_CONVERSION = YES;
				CLANG_WARN_OBJC_IMPLICIT_RETAIN_SELF = YES;
				CLANG_WARN_OBJC_LITERAL_CONVERSION = YES;
				CLANG_WARN_OBJC_ROOT_CLASS = YES_ERROR;
				CLANG_WARN_QUOTED_INCLUDE_IN_FRAMEWORK_HEADER = YES;
				CLANG_WARN_RANGE_LOOP_ANALYSIS = YES;
				CLANG_WARN_STRICT_PROTOTYPES = YES;
				CLANG_WARN_SUSPICIOUS_MOVE = YES;
				CLANG_WARN_UNGUARDED_AVAILABILITY = YES_AGGRESSIVE;
				CLANG_WARN_UNREACHABLE_CODE = YES;
				CLANG_WARN__DUPLICATE_METHOD_MATCH = YES;
				COPY_PHASE_STRIP = NO;
				DEBUG_INFORMATION_FORMAT = "dwarf-with-dsym";
				ENABLE_NS_ASSERTIONS = NO;
				ENABLE_STRICT_OBJC_MSGSEND = YES;
				ENABLE_USER_SCRIPT_SANDBOXING = YES;
				GCC_C_LANGUAGE_STANDARD = gnu17;
				GCC_NO_COMMON_BLOCKS = YES;
				GCC_WARN_64_TO_32_BIT_CONVERSION = YES;
				GCC_WARN_ABOUT_RETURN_TYPE = YES_ERROR;
				GCC_WARN_UNDECLARED_SELECTOR = YES;
				GCC_WARN_UNINITIALIZED_AUTOS = YES_AGGRESSIVE;
				GCC_WARN_UNUSED_FUNCTION = YES;
				GCC_WARN_UNUSED_VARIABLE = YES;
				LOCALIZATION_PREFERS_STRING_CATALOGS = YES;
				MACOSX_DEPLOYMENT_TARGET = 14.2;
				MTL_ENABLE_DEBUG_INFO = NO;
				MTL_FAST_MATH = YES;
				SDKROOT = macosx;
				SWIFT_COMPILATION_MODE = wholemodule;
			};
			name = Release;
		};
		13E746932B4DE73F007D5C15 /* Debug */ = {
			isa = XCBuildConfiguration;
			buildSettings = {
				CLANG_ENABLE_MODULES = YES;
				CODE_SIGN_STYLE = Automatic;
				DEVELOPMENT_TEAM = BH624LXP8S;
				ENABLE_HARDENED_RUNTIME = YES;
				PRODUCT_NAME = "$(TARGET_NAME)";
				SWIFT_OPTIMIZATION_LEVEL = "-Onone";
				SWIFT_VERSION = 5.0;
			};
			name = Debug;
		};
		13E746942B4DE73F007D5C15 /* Release */ = {
			isa = XCBuildConfiguration;
			buildSettings = {
				CLANG_ENABLE_MODULES = YES;
				CODE_SIGN_STYLE = Automatic;
				DEVELOPMENT_TEAM = BH624LXP8S;
				ENABLE_HARDENED_RUNTIME = YES;
				PRODUCT_NAME = "$(TARGET_NAME)";
				SWIFT_VERSION = 5.0;
			};
			name = Release;
		};
/* End XCBuildConfiguration section */

/* Begin XCConfigurationList section */
		13E746862B4DE73F007D5C15 /* Build configuration list for PBXProject "CodingTest2" */ = {
			isa = XCConfigurationList;
			buildConfigurations = (
				13E746902B4DE73F007D5C15 /* Debug */,
				13E746912B4DE73F007D5C15 /* Release */,
			);
			defaultConfigurationIsVisible = 0;
			defaultConfigurationName = Release;
		};
		13E746922B4DE73F007D5C15 /* Build configuration list for PBXNativeTarget "CodingTest2" */ = {
			isa = XCConfigurationList;
			buildConfigurations = (
				13E746932B4DE73F007D5C15 /* Debug */,
				13E746942B4DE73F007D5C15 /* Release */,
			);
			defaultConfigurationIsVisible = 0;
			defaultConfigurationName = Release;
		};
/* End XCConfigurationList section */
	};
	rootObject = 13E746832B4DE73F007D5C15 /* Project object */;
}
